// !$*UTF8*$!
{
	archiveVersion = 1;
	classes = {
	};
	objectVersion = 50;
	objects = {

/* Begin PBXBuildFile section */
		6B1AC7E923C66814006CDABD /* QuickSortUtilityTests.swift in Sources */ = {isa = PBXBuildFile; fileRef = 6B1AC7E823C66814006CDABD /* QuickSortUtilityTests.swift */; };
		6B1AC7ED23C6AE26006CDABD /* MergeSortUtility.swift in Sources */ = {isa = PBXBuildFile; fileRef = 6B1AC7EC23C6AE26006CDABD /* MergeSortUtility.swift */; };
		6B29D7F924233F3100882D04 /* CH2LinkedLists.swift in Sources */ = {isa = PBXBuildFile; fileRef = 6B29D7F824233F3100882D04 /* CH2LinkedLists.swift */; };
		6B2B6DCC236180A600913E66 /* AppDelegate.swift in Sources */ = {isa = PBXBuildFile; fileRef = 6B2B6DCB236180A600913E66 /* AppDelegate.swift */; };
		6B2B6DCE236180A600913E66 /* ViewController.swift in Sources */ = {isa = PBXBuildFile; fileRef = 6B2B6DCD236180A600913E66 /* ViewController.swift */; };
		6B2B6DD1236180A600913E66 /* Main.storyboard in Resources */ = {isa = PBXBuildFile; fileRef = 6B2B6DCF236180A600913E66 /* Main.storyboard */; };
		6B2B6DD3236180A700913E66 /* Assets.xcassets in Resources */ = {isa = PBXBuildFile; fileRef = 6B2B6DD2236180A700913E66 /* Assets.xcassets */; };
		6B2B6DD6236180A700913E66 /* LaunchScreen.storyboard in Resources */ = {isa = PBXBuildFile; fileRef = 6B2B6DD4236180A700913E66 /* LaunchScreen.storyboard */; };
		6B2B6DED236181E200913E66 /* QuickSortUtility.swift in Sources */ = {isa = PBXBuildFile; fileRef = 6B2B6DEC236181E200913E66 /* QuickSortUtility.swift */; };
		6B374808241B5B910023A299 /* CH1ArraysAndStrings.swift in Sources */ = {isa = PBXBuildFile; fileRef = 6B374807241B5B910023A299 /* CH1ArraysAndStrings.swift */; };
		6B37480B241B6A840023A299 /* CH1ArraysAndStringsTests.swift in Sources */ = {isa = PBXBuildFile; fileRef = 6B37480A241B6A840023A299 /* CH1ArraysAndStringsTests.swift */; };
		6B3CFEB2266EA0E9000C9B76 /* EasyArrayProblems.swift in Sources */ = {isa = PBXBuildFile; fileRef = 6B3CFEB1266EA0E9000C9B76 /* EasyArrayProblems.swift */; };
		6B3CFEBC266EA910000C9B76 /* EasyArrayProblemsTests.swift in Sources */ = {isa = PBXBuildFile; fileRef = 6B3CFEBB266EA910000C9B76 /* EasyArrayProblemsTests.swift */; };
		6B85DCAB23C7E1C700B28CEC /* MergeSortUtilityTests.swift in Sources */ = {isa = PBXBuildFile; fileRef = 6B85DCAA23C7E1C700B28CEC /* MergeSortUtilityTests.swift */; };
		6B8EC5BE2678828A00F8C575 /* MediumLinkedListProblems.swift in Sources */ = {isa = PBXBuildFile; fileRef = 6B8EC5BD2678828A00F8C575 /* MediumLinkedListProblems.swift */; };
		6B8EC5C22678904C00F8C575 /* MediumLinkedListProblemsTests.swift in Sources */ = {isa = PBXBuildFile; fileRef = 6B8EC5C12678904C00F8C575 /* MediumLinkedListProblemsTests.swift */; };
		6BB3313026742822007C1BCE /* MediumStringProblems.swift in Sources */ = {isa = PBXBuildFile; fileRef = 6BB3312F26742822007C1BCE /* MediumStringProblems.swift */; };
		6BB3313526743611007C1BCE /* MediumStringProblemsTests.swift in Sources */ = {isa = PBXBuildFile; fileRef = 6BB3313426743611007C1BCE /* MediumStringProblemsTests.swift */; };
		6BFA1D48266859080017A013 /* EasyStringProblems.swift in Sources */ = {isa = PBXBuildFile; fileRef = 6BFA1D47266859080017A013 /* EasyStringProblems.swift */; };
		6BFA1D5426685E330017A013 /* EasyStringProblemsTests.swift in Sources */ = {isa = PBXBuildFile; fileRef = 6BFA1D5326685E330017A013 /* EasyStringProblemsTests.swift */; };
/* End PBXBuildFile section */

/* Begin PBXContainerItemProxy section */
		6B2B6DDD236180A700913E66 /* PBXContainerItemProxy */ = {
			isa = PBXContainerItemProxy;
			containerPortal = 6B2B6DC0236180A600913E66 /* Project object */;
			proxyType = 1;
			remoteGlobalIDString = 6B2B6DC7236180A600913E66;
			remoteInfo = SwiftDSA;
		};
/* End PBXContainerItemProxy section */

/* Begin PBXFileReference section */
		6B1AC7E823C66814006CDABD /* QuickSortUtilityTests.swift */ = {isa = PBXFileReference; lastKnownFileType = sourcecode.swift; path = QuickSortUtilityTests.swift; sourceTree = "<group>"; };
		6B1AC7EC23C6AE26006CDABD /* MergeSortUtility.swift */ = {isa = PBXFileReference; lastKnownFileType = sourcecode.swift; path = MergeSortUtility.swift; sourceTree = "<group>"; };
		6B29D7F824233F3100882D04 /* CH2LinkedLists.swift */ = {isa = PBXFileReference; lastKnownFileType = sourcecode.swift; path = CH2LinkedLists.swift; sourceTree = "<group>"; };
		6B2B6DC8236180A600913E66 /* SwiftDSA.app */ = {isa = PBXFileReference; explicitFileType = wrapper.application; includeInIndex = 0; path = SwiftDSA.app; sourceTree = BUILT_PRODUCTS_DIR; };
		6B2B6DCB236180A600913E66 /* AppDelegate.swift */ = {isa = PBXFileReference; lastKnownFileType = sourcecode.swift; path = AppDelegate.swift; sourceTree = "<group>"; };
		6B2B6DCD236180A600913E66 /* ViewController.swift */ = {isa = PBXFileReference; lastKnownFileType = sourcecode.swift; path = ViewController.swift; sourceTree = "<group>"; };
		6B2B6DD0236180A600913E66 /* Base */ = {isa = PBXFileReference; lastKnownFileType = file.storyboard; name = Base; path = Base.lproj/Main.storyboard; sourceTree = "<group>"; };
		6B2B6DD2236180A700913E66 /* Assets.xcassets */ = {isa = PBXFileReference; lastKnownFileType = folder.assetcatalog; path = Assets.xcassets; sourceTree = "<group>"; };
		6B2B6DD5236180A700913E66 /* Base */ = {isa = PBXFileReference; lastKnownFileType = file.storyboard; name = Base; path = Base.lproj/LaunchScreen.storyboard; sourceTree = "<group>"; };
		6B2B6DD7236180A700913E66 /* Info.plist */ = {isa = PBXFileReference; lastKnownFileType = text.plist.xml; path = Info.plist; sourceTree = "<group>"; };
		6B2B6DDC236180A700913E66 /* SwiftDSATests.xctest */ = {isa = PBXFileReference; explicitFileType = wrapper.cfbundle; includeInIndex = 0; path = SwiftDSATests.xctest; sourceTree = BUILT_PRODUCTS_DIR; };
		6B2B6DE2236180A700913E66 /* Info.plist */ = {isa = PBXFileReference; lastKnownFileType = text.plist.xml; path = Info.plist; sourceTree = "<group>"; };
		6B2B6DEC236181E200913E66 /* QuickSortUtility.swift */ = {isa = PBXFileReference; lastKnownFileType = sourcecode.swift; path = QuickSortUtility.swift; sourceTree = "<group>"; };
		6B374807241B5B910023A299 /* CH1ArraysAndStrings.swift */ = {isa = PBXFileReference; lastKnownFileType = sourcecode.swift; path = CH1ArraysAndStrings.swift; sourceTree = "<group>"; };
		6B37480A241B6A840023A299 /* CH1ArraysAndStringsTests.swift */ = {isa = PBXFileReference; lastKnownFileType = sourcecode.swift; path = CH1ArraysAndStringsTests.swift; sourceTree = "<group>"; };
		6B3CFEB1266EA0E9000C9B76 /* EasyArrayProblems.swift */ = {isa = PBXFileReference; lastKnownFileType = sourcecode.swift; path = EasyArrayProblems.swift; sourceTree = "<group>"; };
		6B3CFEBB266EA910000C9B76 /* EasyArrayProblemsTests.swift */ = {isa = PBXFileReference; lastKnownFileType = sourcecode.swift; path = EasyArrayProblemsTests.swift; sourceTree = "<group>"; };
		6B85DCAA23C7E1C700B28CEC /* MergeSortUtilityTests.swift */ = {isa = PBXFileReference; lastKnownFileType = sourcecode.swift; path = MergeSortUtilityTests.swift; sourceTree = "<group>"; };
		6B8EC5BD2678828A00F8C575 /* MediumLinkedListProblems.swift */ = {isa = PBXFileReference; lastKnownFileType = sourcecode.swift; path = MediumLinkedListProblems.swift; sourceTree = "<group>"; };
		6B8EC5C12678904C00F8C575 /* MediumLinkedListProblemsTests.swift */ = {isa = PBXFileReference; lastKnownFileType = sourcecode.swift; path = MediumLinkedListProblemsTests.swift; sourceTree = "<group>"; };
		6BB3312F26742822007C1BCE /* MediumStringProblems.swift */ = {isa = PBXFileReference; lastKnownFileType = sourcecode.swift; path = MediumStringProblems.swift; sourceTree = "<group>"; };
		6BB3313426743611007C1BCE /* MediumStringProblemsTests.swift */ = {isa = PBXFileReference; lastKnownFileType = sourcecode.swift; path = MediumStringProblemsTests.swift; sourceTree = "<group>"; };
		6BFA1D47266859080017A013 /* EasyStringProblems.swift */ = {isa = PBXFileReference; lastKnownFileType = sourcecode.swift; path = EasyStringProblems.swift; sourceTree = "<group>"; };
		6BFA1D5326685E330017A013 /* EasyStringProblemsTests.swift */ = {isa = PBXFileReference; lastKnownFileType = sourcecode.swift; path = EasyStringProblemsTests.swift; sourceTree = "<group>"; };
/* End PBXFileReference section */

/* Begin PBXFrameworksBuildPhase section */
		6B2B6DC5236180A600913E66 /* Frameworks */ = {
			isa = PBXFrameworksBuildPhase;
			buildActionMask = 2147483647;
			files = (
			);
			runOnlyForDeploymentPostprocessing = 0;
		};
		6B2B6DD9236180A700913E66 /* Frameworks */ = {
			isa = PBXFrameworksBuildPhase;
			buildActionMask = 2147483647;
			files = (
			);
			runOnlyForDeploymentPostprocessing = 0;
		};
/* End PBXFrameworksBuildPhase section */

/* Begin PBXGroup section */
		6B1AC7E723C665D6006CDABD /* Sorting */ = {
			isa = PBXGroup;
			children = (
				6B1AC7E823C66814006CDABD /* QuickSortUtilityTests.swift */,
				6B85DCAA23C7E1C700B28CEC /* MergeSortUtilityTests.swift */,
			);
			path = Sorting;
			sourceTree = "<group>";
		};
		6B2B6DBF236180A600913E66 = {
			isa = PBXGroup;
			children = (
				6B2B6DCA236180A600913E66 /* SwiftDSA */,
				6B2B6DDF236180A700913E66 /* SwiftDSATests */,
				6B2B6DC9236180A600913E66 /* Products */,
			);
			sourceTree = "<group>";
		};
		6B2B6DC9236180A600913E66 /* Products */ = {
			isa = PBXGroup;
			children = (
				6B2B6DC8236180A600913E66 /* SwiftDSA.app */,
				6B2B6DDC236180A700913E66 /* SwiftDSATests.xctest */,
			);
			name = Products;
			sourceTree = "<group>";
		};
		6B2B6DCA236180A600913E66 /* SwiftDSA */ = {
			isa = PBXGroup;
			children = (
				6BFA1D45266852280017A013 /* LeetCode */,
				6B374805241B5A230023A299 /* CTCI */,
				6B2B6DEB2361815E00913E66 /* Sorting */,
				6B2B6DCB236180A600913E66 /* AppDelegate.swift */,
				6B2B6DCD236180A600913E66 /* ViewController.swift */,
				6B2B6DCF236180A600913E66 /* Main.storyboard */,
				6B2B6DD2236180A700913E66 /* Assets.xcassets */,
				6B2B6DD4236180A700913E66 /* LaunchScreen.storyboard */,
				6B2B6DD7236180A700913E66 /* Info.plist */,
			);
			path = SwiftDSA;
			sourceTree = "<group>";
		};
		6B2B6DDF236180A700913E66 /* SwiftDSATests */ = {
			isa = PBXGroup;
			children = (
				6BFA1D5126685E100017A013 /* LeetCode */,
				6B374809241B6A6D0023A299 /* CTCI */,
				6B1AC7E723C665D6006CDABD /* Sorting */,
				6B2B6DE2236180A700913E66 /* Info.plist */,
			);
			path = SwiftDSATests;
			sourceTree = "<group>";
		};
		6B2B6DEB2361815E00913E66 /* Sorting */ = {
			isa = PBXGroup;
			children = (
				6B2B6DEC236181E200913E66 /* QuickSortUtility.swift */,
				6B1AC7EC23C6AE26006CDABD /* MergeSortUtility.swift */,
			);
			path = Sorting;
			sourceTree = "<group>";
		};
		6B374805241B5A230023A299 /* CTCI */ = {
			isa = PBXGroup;
			children = (
				6B374807241B5B910023A299 /* CH1ArraysAndStrings.swift */,
				6B29D7F824233F3100882D04 /* CH2LinkedLists.swift */,
			);
			path = CTCI;
			sourceTree = "<group>";
		};
		6B374809241B6A6D0023A299 /* CTCI */ = {
			isa = PBXGroup;
			children = (
				6B37480A241B6A840023A299 /* CH1ArraysAndStringsTests.swift */,
			);
			path = CTCI;
			sourceTree = "<group>";
		};
		6BB3312E26742806007C1BCE /* Medium */ = {
			isa = PBXGroup;
			children = (
				6BB3312F26742822007C1BCE /* MediumStringProblems.swift */,
				6B8EC5BD2678828A00F8C575 /* MediumLinkedListProblems.swift */,
			);
			path = Medium;
			sourceTree = "<group>";
		};
		6BB33133267435E6007C1BCE /* Medium */ = {
			isa = PBXGroup;
			children = (
				6BB3313426743611007C1BCE /* MediumStringProblemsTests.swift */,
				6B8EC5C12678904C00F8C575 /* MediumLinkedListProblemsTests.swift */,
			);
			path = Medium;
			sourceTree = "<group>";
		};
		6BFA1D45266852280017A013 /* LeetCode */ = {
			isa = PBXGroup;
			children = (
				6BB3312E26742806007C1BCE /* Medium */,
				6BFA1D46266858DE0017A013 /* Easy */,
			);
			path = LeetCode;
			sourceTree = "<group>";
		};
		6BFA1D46266858DE0017A013 /* Easy */ = {
			isa = PBXGroup;
			children = (
				6BFA1D47266859080017A013 /* EasyStringProblems.swift */,
				6B3CFEB1266EA0E9000C9B76 /* EasyArrayProblems.swift */,
			);
			path = Easy;
			sourceTree = "<group>";
		};
		6BFA1D5126685E100017A013 /* LeetCode */ = {
			isa = PBXGroup;
			children = (
				6BB33133267435E6007C1BCE /* Medium */,
				6BFA1D5226685E180017A013 /* Easy */,
			);
			path = LeetCode;
			sourceTree = "<group>";
		};
		6BFA1D5226685E180017A013 /* Easy */ = {
			isa = PBXGroup;
			children = (
				6BFA1D5326685E330017A013 /* EasyStringProblemsTests.swift */,
				6B3CFEBB266EA910000C9B76 /* EasyArrayProblemsTests.swift */,
			);
			path = Easy;
			sourceTree = "<group>";
		};
/* End PBXGroup section */

/* Begin PBXNativeTarget section */
		6B2B6DC7236180A600913E66 /* SwiftDSA */ = {
			isa = PBXNativeTarget;
			buildConfigurationList = 6B2B6DE5236180A700913E66 /* Build configuration list for PBXNativeTarget "SwiftDSA" */;
			buildPhases = (
				6B2B6DC4236180A600913E66 /* Sources */,
				6B2B6DC5236180A600913E66 /* Frameworks */,
				6B2B6DC6236180A600913E66 /* Resources */,
			);
			buildRules = (
			);
			dependencies = (
			);
			name = SwiftDSA;
			productName = SwiftDSA;
			productReference = 6B2B6DC8236180A600913E66 /* SwiftDSA.app */;
			productType = "com.apple.product-type.application";
		};
		6B2B6DDB236180A700913E66 /* SwiftDSATests */ = {
			isa = PBXNativeTarget;
			buildConfigurationList = 6B2B6DE8236180A700913E66 /* Build configuration list for PBXNativeTarget "SwiftDSATests" */;
			buildPhases = (
				6B2B6DD8236180A700913E66 /* Sources */,
				6B2B6DD9236180A700913E66 /* Frameworks */,
				6B2B6DDA236180A700913E66 /* Resources */,
			);
			buildRules = (
			);
			dependencies = (
				6B2B6DDE236180A700913E66 /* PBXTargetDependency */,
			);
			name = SwiftDSATests;
			productName = SwiftDSATests;
			productReference = 6B2B6DDC236180A700913E66 /* SwiftDSATests.xctest */;
			productType = "com.apple.product-type.bundle.unit-test";
		};
/* End PBXNativeTarget section */

/* Begin PBXProject section */
		6B2B6DC0236180A600913E66 /* Project object */ = {
			isa = PBXProject;
			attributes = {
				LastSwiftUpdateCheck = 1020;
				LastUpgradeCheck = 1240;
				ORGANIZATIONNAME = "Sunny Chan";
				TargetAttributes = {
					6B2B6DC7236180A600913E66 = {
						CreatedOnToolsVersion = 10.2.1;
					};
					6B2B6DDB236180A700913E66 = {
						CreatedOnToolsVersion = 10.2.1;
						TestTargetID = 6B2B6DC7236180A600913E66;
					};
				};
			};
			buildConfigurationList = 6B2B6DC3236180A600913E66 /* Build configuration list for PBXProject "SwiftDSA" */;
			compatibilityVersion = "Xcode 9.3";
			developmentRegion = en;
			hasScannedForEncodings = 0;
			knownRegions = (
				en,
				Base,
			);
			mainGroup = 6B2B6DBF236180A600913E66;
			productRefGroup = 6B2B6DC9236180A600913E66 /* Products */;
			projectDirPath = "";
			projectRoot = "";
			targets = (
				6B2B6DC7236180A600913E66 /* SwiftDSA */,
				6B2B6DDB236180A700913E66 /* SwiftDSATests */,
			);
		};
/* End PBXProject section */

/* Begin PBXResourcesBuildPhase section */
		6B2B6DC6236180A600913E66 /* Resources */ = {
			isa = PBXResourcesBuildPhase;
			buildActionMask = 2147483647;
			files = (
				6B2B6DD6236180A700913E66 /* LaunchScreen.storyboard in Resources */,
				6B2B6DD3236180A700913E66 /* Assets.xcassets in Resources */,
				6B2B6DD1236180A600913E66 /* Main.storyboard in Resources */,
			);
			runOnlyForDeploymentPostprocessing = 0;
		};
		6B2B6DDA236180A700913E66 /* Resources */ = {
			isa = PBXResourcesBuildPhase;
			buildActionMask = 2147483647;
			files = (
			);
			runOnlyForDeploymentPostprocessing = 0;
		};
/* End PBXResourcesBuildPhase section */

/* Begin PBXSourcesBuildPhase section */
		6B2B6DC4236180A600913E66 /* Sources */ = {
			isa = PBXSourcesBuildPhase;
			buildActionMask = 2147483647;
			files = (
				6B2B6DCE236180A600913E66 /* ViewController.swift in Sources */,
				6B1AC7ED23C6AE26006CDABD /* MergeSortUtility.swift in Sources */,
				6BFA1D48266859080017A013 /* EasyStringProblems.swift in Sources */,
				6B8EC5BE2678828A00F8C575 /* MediumLinkedListProblems.swift in Sources */,
				6B2B6DED236181E200913E66 /* QuickSortUtility.swift in Sources */,
				6B2B6DCC236180A600913E66 /* AppDelegate.swift in Sources */,
				6B29D7F924233F3100882D04 /* CH2LinkedLists.swift in Sources */,
				6B374808241B5B910023A299 /* CH1ArraysAndStrings.swift in Sources */,
				6B3CFEB2266EA0E9000C9B76 /* EasyArrayProblems.swift in Sources */,
				6BB3313026742822007C1BCE /* MediumStringProblems.swift in Sources */,
			);
			runOnlyForDeploymentPostprocessing = 0;
		};
		6B2B6DD8236180A700913E66 /* Sources */ = {
			isa = PBXSourcesBuildPhase;
			buildActionMask = 2147483647;
			files = (
				6BFA1D5426685E330017A013 /* EasyStringProblemsTests.swift in Sources */,
				6B85DCAB23C7E1C700B28CEC /* MergeSortUtilityTests.swift in Sources */,
				6B3CFEBC266EA910000C9B76 /* EasyArrayProblemsTests.swift in Sources */,
				6B8EC5C22678904C00F8C575 /* MediumLinkedListProblemsTests.swift in Sources */,
				6BB3313526743611007C1BCE /* MediumStringProblemsTests.swift in Sources */,
				6B1AC7E923C66814006CDABD /* QuickSortUtilityTests.swift in Sources */,
				6B37480B241B6A840023A299 /* CH1ArraysAndStringsTests.swift in Sources */,
			);
			runOnlyForDeploymentPostprocessing = 0;
		};
/* End PBXSourcesBuildPhase section */

/* Begin PBXTargetDependency section */
		6B2B6DDE236180A700913E66 /* PBXTargetDependency */ = {
			isa = PBXTargetDependency;
			target = 6B2B6DC7236180A600913E66 /* SwiftDSA */;
			targetProxy = 6B2B6DDD236180A700913E66 /* PBXContainerItemProxy */;
		};
/* End PBXTargetDependency section */

/* Begin PBXVariantGroup section */
		6B2B6DCF236180A600913E66 /* Main.storyboard */ = {
			isa = PBXVariantGroup;
			children = (
				6B2B6DD0236180A600913E66 /* Base */,
			);
			name = Main.storyboard;
			sourceTree = "<group>";
		};
		6B2B6DD4236180A700913E66 /* LaunchScreen.storyboard */ = {
			isa = PBXVariantGroup;
			children = (
				6B2B6DD5236180A700913E66 /* Base */,
			);
			name = LaunchScreen.storyboard;
			sourceTree = "<group>";
		};
/* End PBXVariantGroup section */

/* Begin XCBuildConfiguration section */
		6B2B6DE3236180A700913E66 /* Debug */ = {
			isa = XCBuildConfiguration;
			buildSettings = {
				ALWAYS_SEARCH_USER_PATHS = NO;
				CLANG_ANALYZER_NONNULL = YES;
				CLANG_ANALYZER_NUMBER_OBJECT_CONVERSION = YES_AGGRESSIVE;
				CLANG_CXX_LANGUAGE_STANDARD = "gnu++14";
				CLANG_CXX_LIBRARY = "libc++";
				CLANG_ENABLE_MODULES = YES;
				CLANG_ENABLE_OBJC_ARC = YES;
				CLANG_ENABLE_OBJC_WEAK = YES;
				CLANG_WARN_BLOCK_CAPTURE_AUTORELEASING = YES;
				CLANG_WARN_BOOL_CONVERSION = YES;
				CLANG_WARN_COMMA = YES;
				CLANG_WARN_CONSTANT_CONVERSION = YES;
				CLANG_WARN_DEPRECATED_OBJC_IMPLEMENTATIONS = YES;
				CLANG_WARN_DIRECT_OBJC_ISA_USAGE = YES_ERROR;
				CLANG_WARN_DOCUMENTATION_COMMENTS = YES;
				CLANG_WARN_EMPTY_BODY = YES;
				CLANG_WARN_ENUM_CONVERSION = YES;
				CLANG_WARN_INFINITE_RECURSION = YES;
				CLANG_WARN_INT_CONVERSION = YES;
				CLANG_WARN_NON_LITERAL_NULL_CONVERSION = YES;
				CLANG_WARN_OBJC_IMPLICIT_RETAIN_SELF = YES;
				CLANG_WARN_OBJC_LITERAL_CONVERSION = YES;
				CLANG_WARN_OBJC_ROOT_CLASS = YES_ERROR;
				CLANG_WARN_QUOTED_INCLUDE_IN_FRAMEWORK_HEADER = YES;
				CLANG_WARN_RANGE_LOOP_ANALYSIS = YES;
				CLANG_WARN_STRICT_PROTOTYPES = YES;
				CLANG_WARN_SUSPICIOUS_MOVE = YES;
				CLANG_WARN_UNGUARDED_AVAILABILITY = YES_AGGRESSIVE;
				CLANG_WARN_UNREACHABLE_CODE = YES;
				CLANG_WARN__DUPLICATE_METHOD_MATCH = YES;
				CODE_SIGN_IDENTITY = "iPhone Developer";
				COPY_PHASE_STRIP = NO;
				DEBUG_INFORMATION_FORMAT = dwarf;
				ENABLE_STRICT_OBJC_MSGSEND = YES;
				ENABLE_TESTABILITY = YES;
				GCC_C_LANGUAGE_STANDARD = gnu11;
				GCC_DYNAMIC_NO_PIC = NO;
				GCC_NO_COMMON_BLOCKS = YES;
				GCC_OPTIMIZATION_LEVEL = 0;
				GCC_PREPROCESSOR_DEFINITIONS = (
					"DEBUG=1",
					"$(inherited)",
				);
				GCC_WARN_64_TO_32_BIT_CONVERSION = YES;
				GCC_WARN_ABOUT_RETURN_TYPE = YES_ERROR;
				GCC_WARN_UNDECLARED_SELECTOR = YES;
				GCC_WARN_UNINITIALIZED_AUTOS = YES_AGGRESSIVE;
				GCC_WARN_UNUSED_FUNCTION = YES;
				GCC_WARN_UNUSED_VARIABLE = YES;
				IPHONEOS_DEPLOYMENT_TARGET = 12.2;
				MTL_ENABLE_DEBUG_INFO = INCLUDE_SOURCE;
				MTL_FAST_MATH = YES;
				ONLY_ACTIVE_ARCH = YES;
				SDKROOT = iphoneos;
				SWIFT_ACTIVE_COMPILATION_CONDITIONS = DEBUG;
				SWIFT_OPTIMIZATION_LEVEL = "-Onone";
			};
			name = Debug;
		};
		6B2B6DE4236180A700913E66 /* Release */ = {
			isa = XCBuildConfiguration;
			buildSettings = {
				ALWAYS_SEARCH_USER_PATHS = NO;
				CLANG_ANALYZER_NONNULL = YES;
				CLANG_ANALYZER_NUMBER_OBJECT_CONVERSION = YES_AGGRESSIVE;
				CLANG_CXX_LANGUAGE_STANDARD = "gnu++14";
				CLANG_CXX_LIBRARY = "libc++";
				CLANG_ENABLE_MODULES = YES;
				CLANG_ENABLE_OBJC_ARC = YES;
				CLANG_ENABLE_OBJC_WEAK = YES;
				CLANG_WARN_BLOCK_CAPTURE_AUTORELEASING = YES;
				CLANG_WARN_BOOL_CONVERSION = YES;
				CLANG_WARN_COMMA = YES;
				CLANG_WARN_CONSTANT_CONVERSION = YES;
				CLANG_WARN_DEPRECATED_OBJC_IMPLEMENTATIONS = YES;
				CLANG_WARN_DIRECT_OBJC_ISA_USAGE = YES_ERROR;
				CLANG_WARN_DOCUMENTATION_COMMENTS = YES;
				CLANG_WARN_EMPTY_BODY = YES;
				CLANG_WARN_ENUM_CONVERSION = YES;
				CLANG_WARN_INFINITE_RECURSION = YES;
				CLANG_WARN_INT_CONVERSION = YES;
				CLANG_WARN_NON_LITERAL_NULL_CONVERSION = YES;
				CLANG_WARN_OBJC_IMPLICIT_RETAIN_SELF = YES;
				CLANG_WARN_OBJC_LITERAL_CONVERSION = YES;
				CLANG_WARN_OBJC_ROOT_CLASS = YES_ERROR;
				CLANG_WARN_QUOTED_INCLUDE_IN_FRAMEWORK_HEADER = YES;
				CLANG_WARN_RANGE_LOOP_ANALYSIS = YES;
				CLANG_WARN_STRICT_PROTOTYPES = YES;
				CLANG_WARN_SUSPICIOUS_MOVE = YES;
				CLANG_WARN_UNGUARDED_AVAILABILITY = YES_AGGRESSIVE;
				CLANG_WARN_UNREACHABLE_CODE = YES;
				CLANG_WARN__DUPLICATE_METHOD_MATCH = YES;
				CODE_SIGN_IDENTITY = "iPhone Developer";
				COPY_PHASE_STRIP = NO;
				DEBUG_INFORMATION_FORMAT = "dwarf-with-dsym";
				ENABLE_NS_ASSERTIONS = NO;
				ENABLE_STRICT_OBJC_MSGSEND = YES;
				GCC_C_LANGUAGE_STANDARD = gnu11;
				GCC_NO_COMMON_BLOCKS = YES;
				GCC_WARN_64_TO_32_BIT_CONVERSION = YES;
				GCC_WARN_ABOUT_RETURN_TYPE = YES_ERROR;
				GCC_WARN_UNDECLARED_SELECTOR = YES;
				GCC_WARN_UNINITIALIZED_AUTOS = YES_AGGRESSIVE;
				GCC_WARN_UNUSED_FUNCTION = YES;
				GCC_WARN_UNUSED_VARIABLE = YES;
				IPHONEOS_DEPLOYMENT_TARGET = 12.2;
				MTL_ENABLE_DEBUG_INFO = NO;
				MTL_FAST_MATH = YES;
				SDKROOT = iphoneos;
				SWIFT_COMPILATION_MODE = wholemodule;
				SWIFT_OPTIMIZATION_LEVEL = "-O";
				VALIDATE_PRODUCT = YES;
			};
			name = Release;
		};
		6B2B6DE6236180A700913E66 /* Debug */ = {
			isa = XCBuildConfiguration;
			buildSettings = {
				ASSETCATALOG_COMPILER_APPICON_NAME = AppIcon;
				CODE_SIGN_STYLE = Automatic;
				DEVELOPMENT_TEAM = 889868CA9D;
				INFOPLIST_FILE = SwiftDSA/Info.plist;
				LD_RUNPATH_SEARCH_PATHS = (
					"$(inherited)",
					"@executable_path/Frameworks",
				);
				PRODUCT_BUNDLE_IDENTIFIER = sunnyskchan.SwiftDSA;
				PRODUCT_NAME = "$(TARGET_NAME)";
				SWIFT_VERSION = 5.0;
				TARGETED_DEVICE_FAMILY = "1,2";
			};
			name = Debug;
		};
		6B2B6DE7236180A700913E66 /* Release */ = {
			isa = XCBuildConfiguration;
			buildSettings = {
				ASSETCATALOG_COMPILER_APPICON_NAME = AppIcon;
				CODE_SIGN_STYLE = Automatic;
				DEVELOPMENT_TEAM = 889868CA9D;
				INFOPLIST_FILE = SwiftDSA/Info.plist;
				LD_RUNPATH_SEARCH_PATHS = (
					"$(inherited)",
					"@executable_path/Frameworks",
				);
				PRODUCT_BUNDLE_IDENTIFIER = sunnyskchan.SwiftDSA;
				PRODUCT_NAME = "$(TARGET_NAME)";
				SWIFT_VERSION = 5.0;
				TARGETED_DEVICE_FAMILY = "1,2";
			};
			name = Release;
		};
		6B2B6DE9236180A700913E66 /* Debug */ = {
			isa = XCBuildConfiguration;
			buildSettings = {
				ALWAYS_EMBED_SWIFT_STANDARD_LIBRARIES = YES;
				BUNDLE_LOADER = "$(TEST_HOST)";
				CODE_SIGN_STYLE = Automatic;
				DEVELOPMENT_TEAM = 889868CA9D;
				INFOPLIST_FILE = SwiftDSATests/Info.plist;
				LD_RUNPATH_SEARCH_PATHS = (
					"$(inherited)",
					"@executable_path/Frameworks",
					"@loader_path/Frameworks",
				);
				PRODUCT_BUNDLE_IDENTIFIER = sunnyskchan.SwiftDSATests;
				PRODUCT_NAME = "$(TARGET_NAME)";
				SWIFT_VERSION = 5.0;
				TARGETED_DEVICE_FAMILY = "1,2";
				TEST_HOST = "$(BUILT_PRODUCTS_DIR)/SwiftDSA.app/SwiftDSA";
			};
			name = Debug;
		};
		6B2B6DEA236180A700913E66 /* Release */ = {
			isa = XCBuildConfiguration;
			buildSettings = {
				ALWAYS_EMBED_SWIFT_STANDARD_LIBRARIES = YES;
				BUNDLE_LOADER = "$(TEST_HOST)";
				CODE_SIGN_STYLE = Automatic;
				DEVELOPMENT_TEAM = 889868CA9D;
				INFOPLIST_FILE = SwiftDSATests/Info.plist;
				LD_RUNPATH_SEARCH_PATHS = (
					"$(inherited)",
					"@executable_path/Frameworks",
					"@loader_path/Frameworks",
				);
				PRODUCT_BUNDLE_IDENTIFIER = sunnyskchan.SwiftDSATests;
				PRODUCT_NAME = "$(TARGET_NAME)";
				SWIFT_VERSION = 5.0;
				TARGETED_DEVICE_FAMILY = "1,2";
				TEST_HOST = "$(BUILT_PRODUCTS_DIR)/SwiftDSA.app/SwiftDSA";
			};
			name = Release;
		};
/* End XCBuildConfiguration section */

/* Begin XCConfigurationList section */
		6B2B6DC3236180A600913E66 /* Build configuration list for PBXProject "SwiftDSA" */ = {
			isa = XCConfigurationList;
			buildConfigurations = (
				6B2B6DE3236180A700913E66 /* Debug */,
				6B2B6DE4236180A700913E66 /* Release */,
			);
			defaultConfigurationIsVisible = 0;
			defaultConfigurationName = Release;
		};
		6B2B6DE5236180A700913E66 /* Build configuration list for PBXNativeTarget "SwiftDSA" */ = {
			isa = XCConfigurationList;
			buildConfigurations = (
				6B2B6DE6236180A700913E66 /* Debug */,
				6B2B6DE7236180A700913E66 /* Release */,
			);
			defaultConfigurationIsVisible = 0;
			defaultConfigurationName = Release;
		};
		6B2B6DE8236180A700913E66 /* Build configuration list for PBXNativeTarget "SwiftDSATests" */ = {
			isa = XCConfigurationList;
			buildConfigurations = (
				6B2B6DE9236180A700913E66 /* Debug */,
				6B2B6DEA236180A700913E66 /* Release */,
			);
			defaultConfigurationIsVisible = 0;
			defaultConfigurationName = Release;
		};
/* End XCConfigurationList section */
	};
	rootObject = 6B2B6DC0236180A600913E66 /* Project object */;
}
